
Microsoft Visual Studio Solution File, Format Version 12.00
# Visual Studio Version 17
VisualStudioVersion = 17.10.35122.118
MinimumVisualStudioVersion = 10.0.40219.1
Project("{FAE04EC0-301F-11D3-BF4B-00C04F79EFBC}") = "CS_25_7_1_Entity_Framework_Core", "CS_25_7_1_Entity_Framework_Core\CS_25_7_1_Entity_Framework_Core.csproj", "{BAD36AE4-A650-471E-8C69-89143364392C}"
EndProject
Global
	GlobalSection(SolutionConfigurationPlatforms) = preSolution
		Debug|Any CPU = Debug|Any CPU
		Release|Any CPU = Release|Any CPU
	EndGlobalSection
	GlobalSection(ProjectConfigurationPlatforms) = postSolution
		{BAD36AE4-A650-471E-8C69-89143364392C}.Debug|Any CPU.ActiveCfg = Debug|Any CPU
		{BAD36AE4-A650-471E-8C69-89143364392C}.Debug|Any CPU.Build.0 = Debug|Any CPU
		{BAD36AE4-A650-471E-8C69-89143364392C}.Release|Any CPU.ActiveCfg = Release|Any CPU
		{BAD36AE4-A650-471E-8C69-89143364392C}.Release|Any CPU.Build.0 = Release|Any CPU
	EndGlobalSection
	GlobalSection(SolutionProperties) = preSolution
		HideSolutionNode = FALSE
	EndGlobalSection
	GlobalSection(ExtensibilityGlobals) = postSolution
		SolutionGuid = {5F61A05C-00BC-4164-9602-BFC3158B7453}
	EndGlobalSection
EndGlobal
